PODS:
  - Charts (3.4.0):
    - Charts/Core (= 3.4.0)
  - Charts/Core (3.4.0)
  - CouchbaseLite-Swift (2.6.1)

DEPENDENCIES:
  - Charts
  - CouchbaseLite-Swift

SPEC REPOS:
  trunk:
    - Charts
    - CouchbaseLite-Swift

SPEC CHECKSUMS:
  Charts: 74c9f256eaf0460c0c416522d1cf8c634ea6b286
  CouchbaseLite-Swift: c9a5cf889da3e7969259f30384bd3cd1b9f2f3e6

PODFILE CHECKSUM: 920b2665f3c5631eb8a6df0736c68ac5fd7e555a

COCOAPODS: 1.8.4
