// !$*UTF8*$!
{
	archiveVersion = 1;
	classes = {
	};
	objectVersion = 51;
	objects = {

/* Begin PBXBuildFile section */
		6825880423862D6700C5F13C /* DetailViewController.swift in Sources */ = {isa = PBXBuildFile; fileRef = 6825880323862D6700C5F13C /* DetailViewController.swift */; };
		682588082386303300C5F13C /* Misc+extensions.swift in Sources */ = {isa = PBXBuildFile; fileRef = 682588072386303300C5F13C /* Misc+extensions.swift */; };
		682844F42384B21F009063EC /* Main.storyboard in Resources */ = {isa = PBXBuildFile; fileRef = 682844F32384B21F009063EC /* Main.storyboard */; };
		682844FC2384B2B9009063EC /* DatabaseUtil.swift in Sources */ = {isa = PBXBuildFile; fileRef = 682844FB2384B2B9009063EC /* DatabaseUtil.swift */; };
		682844FF2384B307009063EC /* ScannedPeripheral.swift in Sources */ = {isa = PBXBuildFile; fileRef = 682844FE2384B307009063EC /* ScannedPeripheral.swift */; };
		682845032384B315009063EC /* ScannerViewController.swift in Sources */ = {isa = PBXBuildFile; fileRef = 682845022384B315009063EC /* ScannerViewController.swift */; };
		682845062384B334009063EC /* LogViewController.swift in Sources */ = {isa = PBXBuildFile; fileRef = 682845052384B334009063EC /* LogViewController.swift */; };
		6828450A2384B351009063EC /* BluetoothManager.swift in Sources */ = {isa = PBXBuildFile; fileRef = 682845092384B351009063EC /* BluetoothManager.swift */; };
		6828450C2384B366009063EC /* BleMessage.swift in Sources */ = {isa = PBXBuildFile; fileRef = 6828450B2384B366009063EC /* BleMessage.swift */; };
		6828450E2384B3B8009063EC /* Document.swift in Sources */ = {isa = PBXBuildFile; fileRef = 6828450D2384B3B8009063EC /* Document.swift */; };
		682845142384B3FD009063EC /* ServiceIdentifiers.swift in Sources */ = {isa = PBXBuildFile; fileRef = 682845132384B3FD009063EC /* ServiceIdentifiers.swift */; };
		682845172384B439009063EC /* Util.swift in Sources */ = {isa = PBXBuildFile; fileRef = 682845162384B439009063EC /* Util.swift */; };
		682845192384B45C009063EC /* SyncGatewayReplicator.swift in Sources */ = {isa = PBXBuildFile; fileRef = 682845182384B45C009063EC /* SyncGatewayReplicator.swift */; };
		6849B91C2385872300B00389 /* LogItemCell.swift in Sources */ = {isa = PBXBuildFile; fileRef = 6849B91B2385872300B00389 /* LogItemCell.swift */; };
		685E41BB238ED2CC0036F457 /* BioFrame.swift in Sources */ = {isa = PBXBuildFile; fileRef = 685E41BA238ED2CC0036F457 /* BioFrame.swift */; };
		685E41BE238EE2340036F457 /* TwoNode.swift in Sources */ = {isa = PBXBuildFile; fileRef = 685E41BD238EE2340036F457 /* TwoNode.swift */; };
		686371B323D78B0C00AFF87E /* ListPlayersViewController.swift in Sources */ = {isa = PBXBuildFile; fileRef = 686371B223D78B0C00AFF87E /* ListPlayersViewController.swift */; };
		686371B623D78E0700AFF87E /* PlayerTableViewCell.swift in Sources */ = {isa = PBXBuildFile; fileRef = 686371B523D78E0700AFF87E /* PlayerTableViewCell.swift */; };
		686819BE23D77B5C00F9F97F /* AddPlayerViewController.swift in Sources */ = {isa = PBXBuildFile; fileRef = 686819BD23D77B5C00F9F97F /* AddPlayerViewController.swift */; };
		6881426F2384B0DB0046C667 /* AppDelegate.swift in Sources */ = {isa = PBXBuildFile; fileRef = 6881426E2384B0DB0046C667 /* AppDelegate.swift */; };
		688142782384B0DC0046C667 /* Assets.xcassets in Resources */ = {isa = PBXBuildFile; fileRef = 688142772384B0DC0046C667 /* Assets.xcassets */; };
		6881427B2384B0DC0046C667 /* LaunchScreen.storyboard in Resources */ = {isa = PBXBuildFile; fileRef = 688142792384B0DC0046C667 /* LaunchScreen.storyboard */; };
		68AADABF23D768DB0091BC27 /* EditPlayerView.xib in Resources */ = {isa = PBXBuildFile; fileRef = 68AADABE23D768DB0091BC27 /* EditPlayerView.xib */; };
		68AADAC123D768EE0091BC27 /* EditPlayerView.swift in Sources */ = {isa = PBXBuildFile; fileRef = 68AADAC023D768EE0091BC27 /* EditPlayerView.swift */; };
		68AB5E8E23D69F98007C5E93 /* PlayerNote.swift in Sources */ = {isa = PBXBuildFile; fileRef = 68AB5E8D23D69F98007C5E93 /* PlayerNote.swift */; };
		68AB5E9023D6A1A5007C5E93 /* PlayerNoteTableViewCell.swift in Sources */ = {isa = PBXBuildFile; fileRef = 68AB5E8F23D6A1A5007C5E93 /* PlayerNoteTableViewCell.swift */; };
		68B0CC7A23D50AF500883677 /* DropShadowView.swift in Sources */ = {isa = PBXBuildFile; fileRef = 68B0CC7923D50AF500883677 /* DropShadowView.swift */; };
		68BE39B023930787005CAEC4 /* DebugViewController.swift in Sources */ = {isa = PBXBuildFile; fileRef = 68BE39AF23930787005CAEC4 /* DebugViewController.swift */; };
		68EE090C23D40418005DBF35 /* Athlete.swift in Sources */ = {isa = PBXBuildFile; fileRef = 68EE090B23D40418005DBF35 /* Athlete.swift */; };
		E7700F934534F10691CDDF35 /* Pods_Thermolytic.framework in Frameworks */ = {isa = PBXBuildFile; fileRef = 1ED2444572E3152BAE0F929B /* Pods_Thermolytic.framework */; };
/* End PBXBuildFile section */

/* Begin PBXFileReference section */
		1ED2444572E3152BAE0F929B /* Pods_Thermolytic.framework */ = {isa = PBXFileReference; explicitFileType = wrapper.framework; includeInIndex = 0; path = Pods_Thermolytic.framework; sourceTree = BUILT_PRODUCTS_DIR; };
		52A2CD706268D41724DB799D /* Pods-Thermolytic.release.xcconfig */ = {isa = PBXFileReference; includeInIndex = 1; lastKnownFileType = text.xcconfig; name = "Pods-Thermolytic.release.xcconfig"; path = "Target Support Files/Pods-Thermolytic/Pods-Thermolytic.release.xcconfig"; sourceTree = "<group>"; };
		6825880323862D6700C5F13C /* DetailViewController.swift */ = {isa = PBXFileReference; lastKnownFileType = sourcecode.swift; path = DetailViewController.swift; sourceTree = "<group>"; };
		682588072386303300C5F13C /* Misc+extensions.swift */ = {isa = PBXFileReference; lastKnownFileType = sourcecode.swift; path = "Misc+extensions.swift"; sourceTree = "<group>"; };
		682844F32384B21F009063EC /* Main.storyboard */ = {isa = PBXFileReference; fileEncoding = 4; lastKnownFileType = file.storyboard; path = Main.storyboard; sourceTree = "<group>"; };
		682844FB2384B2B9009063EC /* DatabaseUtil.swift */ = {isa = PBXFileReference; lastKnownFileType = sourcecode.swift; path = DatabaseUtil.swift; sourceTree = "<group>"; };
		682844FE2384B307009063EC /* ScannedPeripheral.swift */ = {isa = PBXFileReference; fileEncoding = 4; lastKnownFileType = sourcecode.swift; path = ScannedPeripheral.swift; sourceTree = "<group>"; };
		682845022384B315009063EC /* ScannerViewController.swift */ = {isa = PBXFileReference; fileEncoding = 4; lastKnownFileType = sourcecode.swift; path = ScannerViewController.swift; sourceTree = "<group>"; };
		682845052384B334009063EC /* LogViewController.swift */ = {isa = PBXFileReference; fileEncoding = 4; lastKnownFileType = sourcecode.swift; path = LogViewController.swift; sourceTree = "<group>"; };
		682845092384B351009063EC /* BluetoothManager.swift */ = {isa = PBXFileReference; fileEncoding = 4; lastKnownFileType = sourcecode.swift; path = BluetoothManager.swift; sourceTree = "<group>"; };
		6828450B2384B366009063EC /* BleMessage.swift */ = {isa = PBXFileReference; fileEncoding = 4; lastKnownFileType = sourcecode.swift; path = BleMessage.swift; sourceTree = "<group>"; };
		6828450D2384B3B8009063EC /* Document.swift */ = {isa = PBXFileReference; lastKnownFileType = sourcecode.swift; path = Document.swift; sourceTree = "<group>"; };
		682845132384B3FD009063EC /* ServiceIdentifiers.swift */ = {isa = PBXFileReference; lastKnownFileType = sourcecode.swift; name = ServiceIdentifiers.swift; path = "../../../../../IOS-nRF-Toolbox/nRF Toolbox/Utilities/ServiceIdentifiers.swift"; sourceTree = "<group>"; };
		682845162384B439009063EC /* Util.swift */ = {isa = PBXFileReference; lastKnownFileType = sourcecode.swift; path = Util.swift; sourceTree = "<group>"; };
		682845182384B45C009063EC /* SyncGatewayReplicator.swift */ = {isa = PBXFileReference; lastKnownFileType = sourcecode.swift; path = SyncGatewayReplicator.swift; sourceTree = "<group>"; };
		6849B91B2385872300B00389 /* LogItemCell.swift */ = {isa = PBXFileReference; lastKnownFileType = sourcecode.swift; path = LogItemCell.swift; sourceTree = "<group>"; };
		685E41BA238ED2CC0036F457 /* BioFrame.swift */ = {isa = PBXFileReference; lastKnownFileType = sourcecode.swift; path = BioFrame.swift; sourceTree = "<group>"; };
		685E41BD238EE2340036F457 /* TwoNode.swift */ = {isa = PBXFileReference; lastKnownFileType = sourcecode.swift; path = TwoNode.swift; sourceTree = "<group>"; };
		686371B223D78B0C00AFF87E /* ListPlayersViewController.swift */ = {isa = PBXFileReference; lastKnownFileType = sourcecode.swift; path = ListPlayersViewController.swift; sourceTree = "<group>"; };
		686371B523D78E0700AFF87E /* PlayerTableViewCell.swift */ = {isa = PBXFileReference; lastKnownFileType = sourcecode.swift; path = PlayerTableViewCell.swift; sourceTree = "<group>"; };
		686819BD23D77B5C00F9F97F /* AddPlayerViewController.swift */ = {isa = PBXFileReference; lastKnownFileType = sourcecode.swift; path = AddPlayerViewController.swift; sourceTree = "<group>"; };
		6881426B2384B0DB0046C667 /* Thermolytic.app */ = {isa = PBXFileReference; explicitFileType = wrapper.application; includeInIndex = 0; path = Thermolytic.app; sourceTree = BUILT_PRODUCTS_DIR; };
		6881426E2384B0DB0046C667 /* AppDelegate.swift */ = {isa = PBXFileReference; lastKnownFileType = sourcecode.swift; path = AppDelegate.swift; sourceTree = "<group>"; };
		688142772384B0DC0046C667 /* Assets.xcassets */ = {isa = PBXFileReference; lastKnownFileType = folder.assetcatalog; path = Assets.xcassets; sourceTree = "<group>"; };
		6881427A2384B0DC0046C667 /* Base */ = {isa = PBXFileReference; lastKnownFileType = file.storyboard; name = Base; path = Base.lproj/LaunchScreen.storyboard; sourceTree = "<group>"; };
		6881427C2384B0DC0046C667 /* Info.plist */ = {isa = PBXFileReference; lastKnownFileType = text.plist.xml; path = Info.plist; sourceTree = "<group>"; };
		68AADABE23D768DB0091BC27 /* EditPlayerView.xib */ = {isa = PBXFileReference; lastKnownFileType = file.xib; path = EditPlayerView.xib; sourceTree = "<group>"; };
		68AADAC023D768EE0091BC27 /* EditPlayerView.swift */ = {isa = PBXFileReference; lastKnownFileType = sourcecode.swift; name = EditPlayerView.swift; path = "/Users/samyuyitung/Workspace/thermolytics/ios/Thermolytic/Thermolytic/UI/Edit Player/EditPlayerView.swift"; sourceTree = "<absolute>"; };
		68AB5E8D23D69F98007C5E93 /* PlayerNote.swift */ = {isa = PBXFileReference; lastKnownFileType = sourcecode.swift; path = PlayerNote.swift; sourceTree = "<group>"; };
		68AB5E8F23D6A1A5007C5E93 /* PlayerNoteTableViewCell.swift */ = {isa = PBXFileReference; lastKnownFileType = sourcecode.swift; path = PlayerNoteTableViewCell.swift; sourceTree = "<group>"; };
		68B0CC7923D50AF500883677 /* DropShadowView.swift */ = {isa = PBXFileReference; lastKnownFileType = sourcecode.swift; path = DropShadowView.swift; sourceTree = "<group>"; };
		68BE39AF23930787005CAEC4 /* DebugViewController.swift */ = {isa = PBXFileReference; lastKnownFileType = sourcecode.swift; path = DebugViewController.swift; sourceTree = "<group>"; };
		68EE090B23D40418005DBF35 /* Athlete.swift */ = {isa = PBXFileReference; lastKnownFileType = sourcecode.swift; path = Athlete.swift; sourceTree = "<group>"; };
		AAE934C79F2C4799C7F80893 /* Pods-Thermolytic.debug.xcconfig */ = {isa = PBXFileReference; includeInIndex = 1; lastKnownFileType = text.xcconfig; name = "Pods-Thermolytic.debug.xcconfig"; path = "Target Support Files/Pods-Thermolytic/Pods-Thermolytic.debug.xcconfig"; sourceTree = "<group>"; };
/* End PBXFileReference section */

/* Begin PBXFrameworksBuildPhase section */
		688142682384B0DB0046C667 /* Frameworks */ = {
			isa = PBXFrameworksBuildPhase;
			buildActionMask = 2147483647;
			files = (
				E7700F934534F10691CDDF35 /* Pods_Thermolytic.framework in Frameworks */,
			);
			runOnlyForDeploymentPostprocessing = 0;
		};
/* End PBXFrameworksBuildPhase section */

/* Begin PBXGroup section */
		6825880223862D4B00C5F13C /* Detail */ = {
			isa = PBXGroup;
			children = (
				6825880323862D6700C5F13C /* DetailViewController.swift */,
				68AB5E8F23D6A1A5007C5E93 /* PlayerNoteTableViewCell.swift */,
			);
			path = Detail;
			sourceTree = "<group>";
		};
		682844F52384B23B009063EC /* Storyboard */ = {
			isa = PBXGroup;
			children = (
				682844F32384B21F009063EC /* Main.storyboard */,
				688142792384B0DC0046C667 /* LaunchScreen.storyboard */,
			);
			path = Storyboard;
			sourceTree = "<group>";
		};
		682844F62384B274009063EC /* Database */ = {
			isa = PBXGroup;
			children = (
				682844FB2384B2B9009063EC /* DatabaseUtil.swift */,
				682845182384B45C009063EC /* SyncGatewayReplicator.swift */,
			);
			path = Database;
			sourceTree = "<group>";
		};
		682844FD2384B2F6009063EC /* Bluetooth */ = {
			isa = PBXGroup;
			children = (
				682845092384B351009063EC /* BluetoothManager.swift */,
				682844FE2384B307009063EC /* ScannedPeripheral.swift */,
				682845022384B315009063EC /* ScannerViewController.swift */,
			);
			path = Bluetooth;
			sourceTree = "<group>";
		};
		682845042384B32C009063EC /* Overview */ = {
			isa = PBXGroup;
			children = (
				682845052384B334009063EC /* LogViewController.swift */,
				6849B91B2385872300B00389 /* LogItemCell.swift */,
			);
			path = Overview;
			sourceTree = "<group>";
		};
		6828450F2384B3D5009063EC /* Data Models */ = {
			isa = PBXGroup;
			children = (
				6828450B2384B366009063EC /* BleMessage.swift */,
				6828450D2384B3B8009063EC /* Document.swift */,
				685E41BA238ED2CC0036F457 /* BioFrame.swift */,
				68EE090B23D40418005DBF35 /* Athlete.swift */,
				68AB5E8D23D69F98007C5E93 /* PlayerNote.swift */,
			);
			path = "Data Models";
			sourceTree = "<group>";
		};
		682845102384B3F0009063EC /* Util */ = {
			isa = PBXGroup;
			children = (
				682845132384B3FD009063EC /* ServiceIdentifiers.swift */,
				682845162384B439009063EC /* Util.swift */,
				682588072386303300C5F13C /* Misc+extensions.swift */,
			);
			path = Util;
			sourceTree = "<group>";
		};
		685E41BC238EE1F20036F457 /* Model */ = {
			isa = PBXGroup;
			children = (
				685E41BD238EE2340036F457 /* TwoNode.swift */,
			);
			path = Model;
			sourceTree = "<group>";
		};
		686371B423D78DD400AFF87E /* list players */ = {
			isa = PBXGroup;
			children = (
				686371B223D78B0C00AFF87E /* ListPlayersViewController.swift */,
				686371B523D78E0700AFF87E /* PlayerTableViewCell.swift */,
			);
			path = "list players";
			sourceTree = "<group>";
		};
		688142622384B0DB0046C667 = {
			isa = PBXGroup;
			children = (
				6881426D2384B0DB0046C667 /* Thermolytic */,
				6881426C2384B0DB0046C667 /* Products */,
				FE96E1AE7CDE78E587188D81 /* Pods */,
				DBA105DE48D8ED695CCD2E17 /* Frameworks */,
			);
			sourceTree = "<group>";
		};
		6881426C2384B0DB0046C667 /* Products */ = {
			isa = PBXGroup;
			children = (
				6881426B2384B0DB0046C667 /* Thermolytic.app */,
			);
			name = Products;
			sourceTree = "<group>";
		};
		6881426D2384B0DB0046C667 /* Thermolytic */ = {
			isa = PBXGroup;
			children = (
				686371B423D78DD400AFF87E /* list players */,
				68B0CC7823D50AE200883677 /* UI */,
				68BE39AE23930770005CAEC4 /* debug */,
				685E41BC238EE1F20036F457 /* Model */,
				6825880223862D4B00C5F13C /* Detail */,
				682845102384B3F0009063EC /* Util */,
				682844F62384B274009063EC /* Database */,
				6828450F2384B3D5009063EC /* Data Models */,
				682845042384B32C009063EC /* Overview */,
				682844FD2384B2F6009063EC /* Bluetooth */,
				682844F52384B23B009063EC /* Storyboard */,
				6881426E2384B0DB0046C667 /* AppDelegate.swift */,
				688142772384B0DC0046C667 /* Assets.xcassets */,
				6881427C2384B0DC0046C667 /* Info.plist */,
				686819BD23D77B5C00F9F97F /* AddPlayerViewController.swift */,
			);
			path = Thermolytic;
			sourceTree = "<group>";
		};
		68AADABD23D768B80091BC27 /* Edit Player */ = {
			isa = PBXGroup;
			children = (
				68AADAC023D768EE0091BC27 /* EditPlayerView.swift */,
				68AADABE23D768DB0091BC27 /* EditPlayerView.xib */,
			);
			path = "Edit Player";
			sourceTree = "<group>";
		};
		68B0CC7823D50AE200883677 /* UI */ = {
			isa = PBXGroup;
			children = (
				68AADABD23D768B80091BC27 /* Edit Player */,
				68B0CC7923D50AF500883677 /* DropShadowView.swift */,
			);
			path = UI;
			sourceTree = "<group>";
		};
		68BE39AE23930770005CAEC4 /* debug */ = {
			isa = PBXGroup;
			children = (
				68BE39AF23930787005CAEC4 /* DebugViewController.swift */,
			);
			path = debug;
			sourceTree = "<group>";
		};
		DBA105DE48D8ED695CCD2E17 /* Frameworks */ = {
			isa = PBXGroup;
			children = (
				1ED2444572E3152BAE0F929B /* Pods_Thermolytic.framework */,
			);
			name = Frameworks;
			sourceTree = "<group>";
		};
		FE96E1AE7CDE78E587188D81 /* Pods */ = {
			isa = PBXGroup;
			children = (
				AAE934C79F2C4799C7F80893 /* Pods-Thermolytic.debug.xcconfig */,
				52A2CD706268D41724DB799D /* Pods-Thermolytic.release.xcconfig */,
			);
			path = Pods;
			sourceTree = "<group>";
		};
/* End PBXGroup section */

/* Begin PBXNativeTarget section */
		6881426A2384B0DB0046C667 /* Thermolytic */ = {
			isa = PBXNativeTarget;
			buildConfigurationList = 6881427F2384B0DC0046C667 /* Build configuration list for PBXNativeTarget "Thermolytic" */;
			buildPhases = (
				1A86CF856F0AD17EC3390C2A /* [CP] Check Pods Manifest.lock */,
				688142672384B0DB0046C667 /* Sources */,
				688142682384B0DB0046C667 /* Frameworks */,
				688142692384B0DB0046C667 /* Resources */,
				54BA8F6E7668C8B7F4E9B4A1 /* [CP] Embed Pods Frameworks */,
			);
			buildRules = (
			);
			dependencies = (
			);
			name = Thermolytic;
			productName = Thermolytic;
			productReference = 6881426B2384B0DB0046C667 /* Thermolytic.app */;
			productType = "com.apple.product-type.application";
		};
/* End PBXNativeTarget section */

/* Begin PBXProject section */
		688142632384B0DB0046C667 /* Project object */ = {
			isa = PBXProject;
			attributes = {
				LastSwiftUpdateCheck = 1110;
				LastUpgradeCheck = 1110;
				ORGANIZATIONNAME = "Sam Yuyitung";
				TargetAttributes = {
					6881426A2384B0DB0046C667 = {
						CreatedOnToolsVersion = 11.1;
					};
				};
			};
			buildConfigurationList = 688142662384B0DB0046C667 /* Build configuration list for PBXProject "Thermolytic" */;
			compatibilityVersion = "Xcode 9.3";
			developmentRegion = en;
			hasScannedForEncodings = 0;
			knownRegions = (
				en,
				Base,
			);
			mainGroup = 688142622384B0DB0046C667;
			productRefGroup = 6881426C2384B0DB0046C667 /* Products */;
			projectDirPath = "";
			projectRoot = "";
			targets = (
				6881426A2384B0DB0046C667 /* Thermolytic */,
			);
		};
/* End PBXProject section */

/* Begin PBXResourcesBuildPhase section */
		688142692384B0DB0046C667 /* Resources */ = {
			isa = PBXResourcesBuildPhase;
			buildActionMask = 2147483647;
			files = (
				682844F42384B21F009063EC /* Main.storyboard in Resources */,
				68AADABF23D768DB0091BC27 /* EditPlayerView.xib in Resources */,
				6881427B2384B0DC0046C667 /* LaunchScreen.storyboard in Resources */,
				688142782384B0DC0046C667 /* Assets.xcassets in Resources */,
			);
			runOnlyForDeploymentPostprocessing = 0;
		};
/* End PBXResourcesBuildPhase section */

/* Begin PBXShellScriptBuildPhase section */
		1A86CF856F0AD17EC3390C2A /* [CP] Check Pods Manifest.lock */ = {
			isa = PBXShellScriptBuildPhase;
			buildActionMask = 2147483647;
			files = (
			);
			inputFileListPaths = (
			);
			inputPaths = (
				"${PODS_PODFILE_DIR_PATH}/Podfile.lock",
				"${PODS_ROOT}/Manifest.lock",
			);
			name = "[CP] Check Pods Manifest.lock";
			outputFileListPaths = (
			);
			outputPaths = (
				"$(DERIVED_FILE_DIR)/Pods-Thermolytic-checkManifestLockResult.txt",
			);
			runOnlyForDeploymentPostprocessing = 0;
			shellPath = /bin/sh;
			shellScript = "diff \"${PODS_PODFILE_DIR_PATH}/Podfile.lock\" \"${PODS_ROOT}/Manifest.lock\" > /dev/null\nif [ $? != 0 ] ; then\n    # print error to STDERR\n    echo \"error: The sandbox is not in sync with the Podfile.lock. Run 'pod install' or update your CocoaPods installation.\" >&2\n    exit 1\nfi\n# This output is used by Xcode 'outputs' to avoid re-running this script phase.\necho \"SUCCESS\" > \"${SCRIPT_OUTPUT_FILE_0}\"\n";
			showEnvVarsInLog = 0;
		};
		54BA8F6E7668C8B7F4E9B4A1 /* [CP] Embed Pods Frameworks */ = {
			isa = PBXShellScriptBuildPhase;
			buildActionMask = 2147483647;
			files = (
			);
			inputFileListPaths = (
				"${PODS_ROOT}/Target Support Files/Pods-Thermolytic/Pods-Thermolytic-frameworks-${CONFIGURATION}-input-files.xcfilelist",
			);
			name = "[CP] Embed Pods Frameworks";
			outputFileListPaths = (
				"${PODS_ROOT}/Target Support Files/Pods-Thermolytic/Pods-Thermolytic-frameworks-${CONFIGURATION}-output-files.xcfilelist",
			);
			runOnlyForDeploymentPostprocessing = 0;
			shellPath = /bin/sh;
			shellScript = "\"${PODS_ROOT}/Target Support Files/Pods-Thermolytic/Pods-Thermolytic-frameworks.sh\"\n";
			showEnvVarsInLog = 0;
		};
/* End PBXShellScriptBuildPhase section */

/* Begin PBXSourcesBuildPhase section */
		688142672384B0DB0046C667 /* Sources */ = {
			isa = PBXSourcesBuildPhase;
			buildActionMask = 2147483647;
			files = (
				68BE39B023930787005CAEC4 /* DebugViewController.swift in Sources */,
				682845032384B315009063EC /* ScannerViewController.swift in Sources */,
				68AB5E9023D6A1A5007C5E93 /* PlayerNoteTableViewCell.swift in Sources */,
				68AADAC123D768EE0091BC27 /* EditPlayerView.swift in Sources */,
				6828450C2384B366009063EC /* BleMessage.swift in Sources */,
				6828450E2384B3B8009063EC /* Document.swift in Sources */,
				682844FC2384B2B9009063EC /* DatabaseUtil.swift in Sources */,
				686371B623D78E0700AFF87E /* PlayerTableViewCell.swift in Sources */,
				68B0CC7A23D50AF500883677 /* DropShadowView.swift in Sources */,
				682845142384B3FD009063EC /* ServiceIdentifiers.swift in Sources */,
				682845172384B439009063EC /* Util.swift in Sources */,
				686819BE23D77B5C00F9F97F /* AddPlayerViewController.swift in Sources */,
				682845192384B45C009063EC /* SyncGatewayReplicator.swift in Sources */,
				682844FF2384B307009063EC /* ScannedPeripheral.swift in Sources */,
				6849B91C2385872300B00389 /* LogItemCell.swift in Sources */,
				682845062384B334009063EC /* LogViewController.swift in Sources */,
				6825880423862D6700C5F13C /* DetailViewController.swift in Sources */,
				682588082386303300C5F13C /* Misc+extensions.swift in Sources */,
				685E41BE238EE2340036F457 /* TwoNode.swift in Sources */,
				68AB5E8E23D69F98007C5E93 /* PlayerNote.swift in Sources */,
				6828450A2384B351009063EC /* BluetoothManager.swift in Sources */,
				685E41BB238ED2CC0036F457 /* BioFrame.swift in Sources */,
				686371B323D78B0C00AFF87E /* ListPlayersViewController.swift in Sources */,
				6881426F2384B0DB0046C667 /* AppDelegate.swift in Sources */,
				68EE090C23D40418005DBF35 /* Athlete.swift in Sources */,
			);
			runOnlyForDeploymentPostprocessing = 0;
		};
/* End PBXSourcesBuildPhase section */

/* Begin PBXVariantGroup section */
		688142792384B0DC0046C667 /* LaunchScreen.storyboard */ = {
			isa = PBXVariantGroup;
			children = (
				6881427A2384B0DC0046C667 /* Base */,
			);
			name = LaunchScreen.storyboard;
			sourceTree = "<group>";
		};
/* End PBXVariantGroup section */

/* Begin XCBuildConfiguration section */
		6881427D2384B0DC0046C667 /* Debug */ = {
			isa = XCBuildConfiguration;
			buildSettings = {
				ALWAYS_SEARCH_USER_PATHS = NO;
				CLANG_ANALYZER_NONNULL = YES;
				CLANG_ANALYZER_NUMBER_OBJECT_CONVERSION = YES_AGGRESSIVE;
				CLANG_CXX_LANGUAGE_STANDARD = "gnu++14";
				CLANG_CXX_LIBRARY = "libc++";
				CLANG_ENABLE_MODULES = YES;
				CLANG_ENABLE_OBJC_ARC = YES;
				CLANG_ENABLE_OBJC_WEAK = YES;
				CLANG_WARN_BLOCK_CAPTURE_AUTORELEASING = YES;
				CLANG_WARN_BOOL_CONVERSION = YES;
				CLANG_WARN_COMMA = YES;
				CLANG_WARN_CONSTANT_CONVERSION = YES;
				CLANG_WARN_DEPRECATED_OBJC_IMPLEMENTATIONS = YES;
				CLANG_WARN_DIRECT_OBJC_ISA_USAGE = YES_ERROR;
				CLANG_WARN_DOCUMENTATION_COMMENTS = YES;
				CLANG_WARN_EMPTY_BODY = YES;
				CLANG_WARN_ENUM_CONVERSION = YES;
				CLANG_WARN_INFINITE_RECURSION = YES;
				CLANG_WARN_INT_CONVERSION = YES;
				CLANG_WARN_NON_LITERAL_NULL_CONVERSION = YES;
				CLANG_WARN_OBJC_IMPLICIT_RETAIN_SELF = YES;
				CLANG_WARN_OBJC_LITERAL_CONVERSION = YES;
				CLANG_WARN_OBJC_ROOT_CLASS = YES_ERROR;
				CLANG_WARN_RANGE_LOOP_ANALYSIS = YES;
				CLANG_WARN_STRICT_PROTOTYPES = YES;
				CLANG_WARN_SUSPICIOUS_MOVE = YES;
				CLANG_WARN_UNGUARDED_AVAILABILITY = YES_AGGRESSIVE;
				CLANG_WARN_UNREACHABLE_CODE = YES;
				CLANG_WARN__DUPLICATE_METHOD_MATCH = YES;
				COPY_PHASE_STRIP = NO;
				DEBUG_INFORMATION_FORMAT = dwarf;
				ENABLE_STRICT_OBJC_MSGSEND = YES;
				ENABLE_TESTABILITY = YES;
				GCC_C_LANGUAGE_STANDARD = gnu11;
				GCC_DYNAMIC_NO_PIC = NO;
				GCC_NO_COMMON_BLOCKS = YES;
				GCC_OPTIMIZATION_LEVEL = 0;
				GCC_PREPROCESSOR_DEFINITIONS = (
					"DEBUG=1",
					"$(inherited)",
				);
				GCC_WARN_64_TO_32_BIT_CONVERSION = YES;
				GCC_WARN_ABOUT_RETURN_TYPE = YES_ERROR;
				GCC_WARN_UNDECLARED_SELECTOR = YES;
				GCC_WARN_UNINITIALIZED_AUTOS = YES_AGGRESSIVE;
				GCC_WARN_UNUSED_FUNCTION = YES;
				GCC_WARN_UNUSED_VARIABLE = YES;
				IPHONEOS_DEPLOYMENT_TARGET = 13.1;
				MTL_ENABLE_DEBUG_INFO = INCLUDE_SOURCE;
				MTL_FAST_MATH = YES;
				ONLY_ACTIVE_ARCH = YES;
				SDKROOT = iphoneos;
				SWIFT_ACTIVE_COMPILATION_CONDITIONS = DEBUG;
				SWIFT_OPTIMIZATION_LEVEL = "-Onone";
			};
			name = Debug;
		};
		6881427E2384B0DC0046C667 /* Release */ = {
			isa = XCBuildConfiguration;
			buildSettings = {
				ALWAYS_SEARCH_USER_PATHS = NO;
				CLANG_ANALYZER_NONNULL = YES;
				CLANG_ANALYZER_NUMBER_OBJECT_CONVERSION = YES_AGGRESSIVE;
				CLANG_CXX_LANGUAGE_STANDARD = "gnu++14";
				CLANG_CXX_LIBRARY = "libc++";
				CLANG_ENABLE_MODULES = YES;
				CLANG_ENABLE_OBJC_ARC = YES;
				CLANG_ENABLE_OBJC_WEAK = YES;
				CLANG_WARN_BLOCK_CAPTURE_AUTORELEASING = YES;
				CLANG_WARN_BOOL_CONVERSION = YES;
				CLANG_WARN_COMMA = YES;
				CLANG_WARN_CONSTANT_CONVERSION = YES;
				CLANG_WARN_DEPRECATED_OBJC_IMPLEMENTATIONS = YES;
				CLANG_WARN_DIRECT_OBJC_ISA_USAGE = YES_ERROR;
				CLANG_WARN_DOCUMENTATION_COMMENTS = YES;
				CLANG_WARN_EMPTY_BODY = YES;
				CLANG_WARN_ENUM_CONVERSION = YES;
				CLANG_WARN_INFINITE_RECURSION = YES;
				CLANG_WARN_INT_CONVERSION = YES;
				CLANG_WARN_NON_LITERAL_NULL_CONVERSION = YES;
				CLANG_WARN_OBJC_IMPLICIT_RETAIN_SELF = YES;
				CLANG_WARN_OBJC_LITERAL_CONVERSION = YES;
				CLANG_WARN_OBJC_ROOT_CLASS = YES_ERROR;
				CLANG_WARN_RANGE_LOOP_ANALYSIS = YES;
				CLANG_WARN_STRICT_PROTOTYPES = YES;
				CLANG_WARN_SUSPICIOUS_MOVE = YES;
				CLANG_WARN_UNGUARDED_AVAILABILITY = YES_AGGRESSIVE;
				CLANG_WARN_UNREACHABLE_CODE = YES;
				CLANG_WARN__DUPLICATE_METHOD_MATCH = YES;
				COPY_PHASE_STRIP = NO;
				DEBUG_INFORMATION_FORMAT = "dwarf-with-dsym";
				ENABLE_NS_ASSERTIONS = NO;
				ENABLE_STRICT_OBJC_MSGSEND = YES;
				GCC_C_LANGUAGE_STANDARD = gnu11;
				GCC_NO_COMMON_BLOCKS = YES;
				GCC_WARN_64_TO_32_BIT_CONVERSION = YES;
				GCC_WARN_ABOUT_RETURN_TYPE = YES_ERROR;
				GCC_WARN_UNDECLARED_SELECTOR = YES;
				GCC_WARN_UNINITIALIZED_AUTOS = YES_AGGRESSIVE;
				GCC_WARN_UNUSED_FUNCTION = YES;
				GCC_WARN_UNUSED_VARIABLE = YES;
				IPHONEOS_DEPLOYMENT_TARGET = 13.1;
				MTL_ENABLE_DEBUG_INFO = NO;
				MTL_FAST_MATH = YES;
				SDKROOT = iphoneos;
				SWIFT_COMPILATION_MODE = wholemodule;
				SWIFT_OPTIMIZATION_LEVEL = "-O";
				VALIDATE_PRODUCT = YES;
			};
			name = Release;
		};
		688142802384B0DC0046C667 /* Debug */ = {
			isa = XCBuildConfiguration;
			baseConfigurationReference = AAE934C79F2C4799C7F80893 /* Pods-Thermolytic.debug.xcconfig */;
			buildSettings = {
				ASSETCATALOG_COMPILER_APPICON_NAME = AppIcon;
				CODE_SIGN_STYLE = Automatic;
				DEVELOPMENT_TEAM = H33E67R4AS;
				INFOPLIST_FILE = Thermolytic/Info.plist;
				IPHONEOS_DEPLOYMENT_TARGET = 10.0;
				LD_RUNPATH_SEARCH_PATHS = (
					"$(inherited)",
					"@executable_path/Frameworks",
				);
				PRODUCT_BUNDLE_IDENTIFIER = com.samyuyitung.Thermolytic;
				PRODUCT_NAME = "$(TARGET_NAME)";
				SWIFT_VERSION = 5.0;
				TARGETED_DEVICE_FAMILY = "1,2";
			};
			name = Debug;
		};
		688142812384B0DC0046C667 /* Release */ = {
			isa = XCBuildConfiguration;
			baseConfigurationReference = 52A2CD706268D41724DB799D /* Pods-Thermolytic.release.xcconfig */;
			buildSettings = {
				ASSETCATALOG_COMPILER_APPICON_NAME = AppIcon;
				CODE_SIGN_STYLE = Automatic;
				DEVELOPMENT_TEAM = H33E67R4AS;
				INFOPLIST_FILE = Thermolytic/Info.plist;
				IPHONEOS_DEPLOYMENT_TARGET = 10.0;
				LD_RUNPATH_SEARCH_PATHS = (
					"$(inherited)",
					"@executable_path/Frameworks",
				);
				PRODUCT_BUNDLE_IDENTIFIER = com.samyuyitung.Thermolytic;
				PRODUCT_NAME = "$(TARGET_NAME)";
				SWIFT_VERSION = 5.0;
				TARGETED_DEVICE_FAMILY = "1,2";
			};
			name = Release;
		};
/* End XCBuildConfiguration section */

/* Begin XCConfigurationList section */
		688142662384B0DB0046C667 /* Build configuration list for PBXProject "Thermolytic" */ = {
			isa = XCConfigurationList;
			buildConfigurations = (
				6881427D2384B0DC0046C667 /* Debug */,
				6881427E2384B0DC0046C667 /* Release */,
			);
			defaultConfigurationIsVisible = 0;
			defaultConfigurationName = Release;
		};
		6881427F2384B0DC0046C667 /* Build configuration list for PBXNativeTarget "Thermolytic" */ = {
			isa = XCConfigurationList;
			buildConfigurations = (
				688142802384B0DC0046C667 /* Debug */,
				688142812384B0DC0046C667 /* Release */,
			);
			defaultConfigurationIsVisible = 0;
			defaultConfigurationName = Release;
		};
/* End XCConfigurationList section */
	};
	rootObject = 688142632384B0DB0046C667 /* Project object */;
}
